{
  "name": "wave-cli",
  "version": "1.0.0",
  "lockfileVersion": 3,
  "requires": true,
  "packages": {
    "": {
      "name": "wave-cli",
      "version": "1.0.0",
      "license": "ISC",
      "dependencies": {
        "commander": "^12.1.0"
      },
      "bin": {
        "imagine": "xai/index.js",
        "venice": "venice/index.js",
        "venice-models": "venice/get-models.js",
        "venice-video": "venice/video.js",
        "wan2.6-flash": "venice/wan26-flash.js",
        "wave": "wavespeed/index.js",
        "wave-balance": "tools/balance.js",
        "wave-replay": "tools/replay.js"
      },
      "engines": {
        "node": ">=18"
      }
    },
    "node_modules/commander": {
      "version": "12.1.0",
      "resolved": "https://registry.npmjs.org/commander/-/commander-12.1.0.tgz",
      "integrity": "sha512-Vw8qHK3bZM9y/P10u3Vib8o/DdkvA2OtPtZvD871QKjy74Wj1WSKFILMPRPSdUSx5RFK1arlJzEtA4PkFgnbuA==",
      "license": "MIT",
      "engines": {
        "node": ">=18"
      }
    }
  }
}
